// !$*UTF8*$!
{
	archiveVersion = 1;
	classes = {
	};
	objectVersion = 56;
	objects = {

/* Begin PBXBuildFile section */
		C37BC8762A008E5500ACED99 /* AppDelegate.swift in Sources */ = {isa = PBXBuildFile; fileRef = C37BC8752A008E5500ACED99 /* AppDelegate.swift */; };
		C37BC8782A008E5500ACED99 /* SceneDelegate.swift in Sources */ = {isa = PBXBuildFile; fileRef = C37BC8772A008E5500ACED99 /* SceneDelegate.swift */; };
		C37BC87F2A008E5600ACED99 /* Assets.xcassets in Resources */ = {isa = PBXBuildFile; fileRef = C37BC87E2A008E5600ACED99 /* Assets.xcassets */; };
		C37BC8822A008E5600ACED99 /* LaunchScreen.storyboard in Resources */ = {isa = PBXBuildFile; fileRef = C37BC8802A008E5600ACED99 /* LaunchScreen.storyboard */; };
		C37BC88E2A008EE300ACED99 /* PrioritiesViewController.swift in Sources */ = {isa = PBXBuildFile; fileRef = C37BC88D2A008EE300ACED99 /* PrioritiesViewController.swift */; };
		C37BC8912A00989D00ACED99 /* PriorityListCollectionViewCell.swift in Sources */ = {isa = PBXBuildFile; fileRef = C37BC8902A00989D00ACED99 /* PriorityListCollectionViewCell.swift */; };
		C37BC8932A009C8100ACED99 /* PrioritiesView.swift in Sources */ = {isa = PBXBuildFile; fileRef = C37BC8922A009C8100ACED99 /* PrioritiesView.swift */; };
		C37BC8962A00A53C00ACED99 /* Category.swift in Sources */ = {isa = PBXBuildFile; fileRef = C37BC8952A00A53C00ACED99 /* Category.swift */; };
		C37BC8992A00A85D00ACED99 /* UIColor+Extension.swift in Sources */ = {isa = PBXBuildFile; fileRef = C37BC8982A00A85D00ACED99 /* UIColor+Extension.swift */; };
		C37BC89B2A00AD6000ACED99 /* Page.swift in Sources */ = {isa = PBXBuildFile; fileRef = C37BC89A2A00AD6000ACED99 /* Page.swift */; };
		C37BC89D2A00AECA00ACED99 /* PageCollectionViewCell.swift in Sources */ = {isa = PBXBuildFile; fileRef = C37BC89C2A00AECA00ACED99 /* PageCollectionViewCell.swift */; };
		C37BC89F2A00B93300ACED99 /* PagecontrollCollectionViewCell.swift in Sources */ = {isa = PBXBuildFile; fileRef = C37BC89E2A00B93300ACED99 /* PagecontrollCollectionViewCell.swift */; };
		C3FB08B32A0184F9006D1DE4 /* PronunciationViewController.swift in Sources */ = {isa = PBXBuildFile; fileRef = C3FB08B22A0184F9006D1DE4 /* PronunciationViewController.swift */; };
		C3FB08B52A0186AC006D1DE4 /* PronunciationView.swift in Sources */ = {isa = PBXBuildFile; fileRef = C3FB08B42A0186AC006D1DE4 /* PronunciationView.swift */; };
		C3FB08B72A0191B4006D1DE4 /* PronunciationCard.swift in Sources */ = {isa = PBXBuildFile; fileRef = C3FB08B62A0191B4006D1DE4 /* PronunciationCard.swift */; };
		C3FB08BA2A019377006D1DE4 /* PronunciationCardCollectionViewCell.swift in Sources */ = {isa = PBXBuildFile; fileRef = C3FB08B92A019377006D1DE4 /* PronunciationCardCollectionViewCell.swift */; };
		C3FB08BC2A01961F006D1DE4 /* UICollectionViewCell+Extension.swift in Sources */ = {isa = PBXBuildFile; fileRef = C3FB08BB2A01961F006D1DE4 /* UICollectionViewCell+Extension.swift */; };
		C3FB08BE2A01A30B006D1DE4 /* SynonymsCollectionViewCell.swift in Sources */ = {isa = PBXBuildFile; fileRef = C3FB08BD2A01A30B006D1DE4 /* SynonymsCollectionViewCell.swift */; };
/* End PBXBuildFile section */

/* Begin PBXFileReference section */
		C37BC8722A008E5500ACED99 /* LanguageLearningApllication.app */ = {isa = PBXFileReference; explicitFileType = wrapper.application; includeInIndex = 0; path = LanguageLearningApllication.app; sourceTree = BUILT_PRODUCTS_DIR; };
		C37BC8752A008E5500ACED99 /* AppDelegate.swift */ = {isa = PBXFileReference; lastKnownFileType = sourcecode.swift; path = AppDelegate.swift; sourceTree = "<group>"; };
		C37BC8772A008E5500ACED99 /* SceneDelegate.swift */ = {isa = PBXFileReference; lastKnownFileType = sourcecode.swift; path = SceneDelegate.swift; sourceTree = "<group>"; };
		C37BC87E2A008E5600ACED99 /* Assets.xcassets */ = {isa = PBXFileReference; lastKnownFileType = folder.assetcatalog; path = Assets.xcassets; sourceTree = "<group>"; };
		C37BC8812A008E5600ACED99 /* Base */ = {isa = PBXFileReference; lastKnownFileType = file.storyboard; name = Base; path = Base.lproj/LaunchScreen.storyboard; sourceTree = "<group>"; };
		C37BC8832A008E5600ACED99 /* Info.plist */ = {isa = PBXFileReference; lastKnownFileType = text.plist.xml; path = Info.plist; sourceTree = "<group>"; };
		C37BC88D2A008EE300ACED99 /* PrioritiesViewController.swift */ = {isa = PBXFileReference; lastKnownFileType = sourcecode.swift; path = PrioritiesViewController.swift; sourceTree = "<group>"; };
		C37BC8902A00989D00ACED99 /* PriorityListCollectionViewCell.swift */ = {isa = PBXFileReference; lastKnownFileType = sourcecode.swift; path = PriorityListCollectionViewCell.swift; sourceTree = "<group>"; };
		C37BC8922A009C8100ACED99 /* PrioritiesView.swift */ = {isa = PBXFileReference; lastKnownFileType = sourcecode.swift; path = PrioritiesView.swift; sourceTree = "<group>"; };
		C37BC8952A00A53C00ACED99 /* Category.swift */ = {isa = PBXFileReference; lastKnownFileType = sourcecode.swift; path = Category.swift; sourceTree = "<group>"; };
		C37BC8982A00A85D00ACED99 /* UIColor+Extension.swift */ = {isa = PBXFileReference; lastKnownFileType = sourcecode.swift; path = "UIColor+Extension.swift"; sourceTree = "<group>"; };
		C37BC89A2A00AD6000ACED99 /* Page.swift */ = {isa = PBXFileReference; lastKnownFileType = sourcecode.swift; path = Page.swift; sourceTree = "<group>"; };
		C37BC89C2A00AECA00ACED99 /* PageCollectionViewCell.swift */ = {isa = PBXFileReference; lastKnownFileType = sourcecode.swift; path = PageCollectionViewCell.swift; sourceTree = "<group>"; };
		C37BC89E2A00B93300ACED99 /* PagecontrollCollectionViewCell.swift */ = {isa = PBXFileReference; lastKnownFileType = sourcecode.swift; path = PagecontrollCollectionViewCell.swift; sourceTree = "<group>"; };
		C3FB08B22A0184F9006D1DE4 /* PronunciationViewController.swift */ = {isa = PBXFileReference; lastKnownFileType = sourcecode.swift; path = PronunciationViewController.swift; sourceTree = "<group>"; };
		C3FB08B42A0186AC006D1DE4 /* PronunciationView.swift */ = {isa = PBXFileReference; lastKnownFileType = sourcecode.swift; path = PronunciationView.swift; sourceTree = "<group>"; };
		C3FB08B62A0191B4006D1DE4 /* PronunciationCard.swift */ = {isa = PBXFileReference; lastKnownFileType = sourcecode.swift; path = PronunciationCard.swift; sourceTree = "<group>"; };
		C3FB08B92A019377006D1DE4 /* PronunciationCardCollectionViewCell.swift */ = {isa = PBXFileReference; lastKnownFileType = sourcecode.swift; path = PronunciationCardCollectionViewCell.swift; sourceTree = "<group>"; };
		C3FB08BB2A01961F006D1DE4 /* UICollectionViewCell+Extension.swift */ = {isa = PBXFileReference; lastKnownFileType = sourcecode.swift; path = "UICollectionViewCell+Extension.swift"; sourceTree = "<group>"; };
		C3FB08BD2A01A30B006D1DE4 /* SynonymsCollectionViewCell.swift */ = {isa = PBXFileReference; lastKnownFileType = sourcecode.swift; path = SynonymsCollectionViewCell.swift; sourceTree = "<group>"; };
/* End PBXFileReference section */

/* Begin PBXFrameworksBuildPhase section */
		C37BC86F2A008E5500ACED99 /* Frameworks */ = {
			isa = PBXFrameworksBuildPhase;
			buildActionMask = 2147483647;
			files = (
			);
			runOnlyForDeploymentPostprocessing = 0;
		};
/* End PBXFrameworksBuildPhase section */

/* Begin PBXGroup section */
		C37BC8692A008E5500ACED99 = {
			isa = PBXGroup;
			children = (
				C37BC8742A008E5500ACED99 /* LanguageLearningApllication */,
				C37BC8732A008E5500ACED99 /* Products */,
			);
			sourceTree = "<group>";
		};
		C37BC8732A008E5500ACED99 /* Products */ = {
			isa = PBXGroup;
			children = (
				C37BC8722A008E5500ACED99 /* LanguageLearningApllication.app */,
			);
			name = Products;
			sourceTree = "<group>";
		};
		C37BC8742A008E5500ACED99 /* LanguageLearningApllication */ = {
			isa = PBXGroup;
			children = (
				C37BC8972A00A84E00ACED99 /* Extensions */,
				C37BC8942A00A53400ACED99 /* Models */,
				C37BC88A2A008E8A00ACED99 /* Views */,
				C37BC8892A008E6200ACED99 /* Base */,
				C37BC87E2A008E5600ACED99 /* Assets.xcassets */,
				C37BC8802A008E5600ACED99 /* LaunchScreen.storyboard */,
				C37BC8832A008E5600ACED99 /* Info.plist */,
			);
			path = LanguageLearningApllication;
			sourceTree = "<group>";
		};
		C37BC8892A008E6200ACED99 /* Base */ = {
			isa = PBXGroup;
			children = (
				C37BC8752A008E5500ACED99 /* AppDelegate.swift */,
				C37BC8772A008E5500ACED99 /* SceneDelegate.swift */,
			);
			path = Base;
			sourceTree = "<group>";
		};
		C37BC88A2A008E8A00ACED99 /* Views */ = {
			isa = PBXGroup;
			children = (
				C3FB08B12A0184C4006D1DE4 /* Pronunciation */,
				C3FB08B02A0184B5006D1DE4 /* Priorities */,
			);
			path = Views;
			sourceTree = "<group>";
		};
		C37BC88F2A00988D00ACED99 /* Cell */ = {
			isa = PBXGroup;
			children = (
				C37BC8902A00989D00ACED99 /* PriorityListCollectionViewCell.swift */,
				C37BC89C2A00AECA00ACED99 /* PageCollectionViewCell.swift */,
				C37BC89E2A00B93300ACED99 /* PagecontrollCollectionViewCell.swift */,
			);
			path = Cell;
			sourceTree = "<group>";
		};
		C37BC8942A00A53400ACED99 /* Models */ = {
			isa = PBXGroup;
			children = (
				C37BC8952A00A53C00ACED99 /* Category.swift */,
				C37BC89A2A00AD6000ACED99 /* Page.swift */,
				C3FB08B62A0191B4006D1DE4 /* PronunciationCard.swift */,
			);
			path = Models;
			sourceTree = "<group>";
		};
		C37BC8972A00A84E00ACED99 /* Extensions */ = {
			isa = PBXGroup;
			children = (
				C37BC8982A00A85D00ACED99 /* UIColor+Extension.swift */,
				C3FB08BB2A01961F006D1DE4 /* UICollectionViewCell+Extension.swift */,
			);
			path = Extensions;
			sourceTree = "<group>";
		};
		C3FB08B02A0184B5006D1DE4 /* Priorities */ = {
			isa = PBXGroup;
			children = (
				C37BC88D2A008EE300ACED99 /* PrioritiesViewController.swift */,
				C37BC8922A009C8100ACED99 /* PrioritiesView.swift */,
				C37BC88F2A00988D00ACED99 /* Cell */,
			);
			path = Priorities;
			sourceTree = "<group>";
		};
		C3FB08B12A0184C4006D1DE4 /* Pronunciation */ = {
			isa = PBXGroup;
			children = (
				C3FB08B82A019367006D1DE4 /* Cell */,
				C3FB08B22A0184F9006D1DE4 /* PronunciationViewController.swift */,
				C3FB08B42A0186AC006D1DE4 /* PronunciationView.swift */,
			);
			path = Pronunciation;
			sourceTree = "<group>";
		};
		C3FB08B82A019367006D1DE4 /* Cell */ = {
			isa = PBXGroup;
			children = (
				C3FB08B92A019377006D1DE4 /* PronunciationCardCollectionViewCell.swift */,
				C3FB08BD2A01A30B006D1DE4 /* SynonymsCollectionViewCell.swift */,
			);
			path = Cell;
			sourceTree = "<group>";
		};
/* End PBXGroup section */

/* Begin PBXNativeTarget section */
		C37BC8712A008E5500ACED99 /* LanguageLearningApllication */ = {
			isa = PBXNativeTarget;
			buildConfigurationList = C37BC8862A008E5600ACED99 /* Build configuration list for PBXNativeTarget "LanguageLearningApllication" */;
			buildPhases = (
				C37BC86E2A008E5500ACED99 /* Sources */,
				C37BC86F2A008E5500ACED99 /* Frameworks */,
				C37BC8702A008E5500ACED99 /* Resources */,
			);
			buildRules = (
			);
			dependencies = (
			);
			name = LanguageLearningApllication;
			productName = LanguageLearningApllication;
			productReference = C37BC8722A008E5500ACED99 /* LanguageLearningApllication.app */;
			productType = "com.apple.product-type.application";
		};
/* End PBXNativeTarget section */

/* Begin PBXProject section */
		C37BC86A2A008E5500ACED99 /* Project object */ = {
			isa = PBXProject;
			attributes = {
				BuildIndependentTargetsInParallel = 1;
				LastSwiftUpdateCheck = 1420;
				LastUpgradeCheck = 1420;
				TargetAttributes = {
					C37BC8712A008E5500ACED99 = {
						CreatedOnToolsVersion = 14.2;
					};
				};
			};
			buildConfigurationList = C37BC86D2A008E5500ACED99 /* Build configuration list for PBXProject "LanguageLearningApllication" */;
			compatibilityVersion = "Xcode 14.0";
			developmentRegion = en;
			hasScannedForEncodings = 0;
			knownRegions = (
				en,
				Base,
			);
			mainGroup = C37BC8692A008E5500ACED99;
			productRefGroup = C37BC8732A008E5500ACED99 /* Products */;
			projectDirPath = "";
			projectRoot = "";
			targets = (
				C37BC8712A008E5500ACED99 /* LanguageLearningApllication */,
			);
		};
/* End PBXProject section */

/* Begin PBXResourcesBuildPhase section */
		C37BC8702A008E5500ACED99 /* Resources */ = {
			isa = PBXResourcesBuildPhase;
			buildActionMask = 2147483647;
			files = (
				C37BC8822A008E5600ACED99 /* LaunchScreen.storyboard in Resources */,
				C37BC87F2A008E5600ACED99 /* Assets.xcassets in Resources */,
			);
			runOnlyForDeploymentPostprocessing = 0;
		};
/* End PBXResourcesBuildPhase section */

/* Begin PBXSourcesBuildPhase section */
		C37BC86E2A008E5500ACED99 /* Sources */ = {
			isa = PBXSourcesBuildPhase;
			buildActionMask = 2147483647;
			files = (
				C3FB08B32A0184F9006D1DE4 /* PronunciationViewController.swift in Sources */,
				C37BC8912A00989D00ACED99 /* PriorityListCollectionViewCell.swift in Sources */,
				C37BC8962A00A53C00ACED99 /* Category.swift in Sources */,
				C37BC89F2A00B93300ACED99 /* PagecontrollCollectionViewCell.swift in Sources */,
				C3FB08BE2A01A30B006D1DE4 /* SynonymsCollectionViewCell.swift in Sources */,
				C3FB08BA2A019377006D1DE4 /* PronunciationCardCollectionViewCell.swift in Sources */,
				C37BC89D2A00AECA00ACED99 /* PageCollectionViewCell.swift in Sources */,
				C37BC89B2A00AD6000ACED99 /* Page.swift in Sources */,
				C37BC8762A008E5500ACED99 /* AppDelegate.swift in Sources */,
				C3FB08BC2A01961F006D1DE4 /* UICollectionViewCell+Extension.swift in Sources */,
				C37BC8782A008E5500ACED99 /* SceneDelegate.swift in Sources */,
				C37BC88E2A008EE300ACED99 /* PrioritiesViewController.swift in Sources */,
				C37BC8992A00A85D00ACED99 /* UIColor+Extension.swift in Sources */,
				C3FB08B52A0186AC006D1DE4 /* PronunciationView.swift in Sources */,
				C3FB08B72A0191B4006D1DE4 /* PronunciationCard.swift in Sources */,
				C37BC8932A009C8100ACED99 /* PrioritiesView.swift in Sources */,
			);
			runOnlyForDeploymentPostprocessing = 0;
		};
/* End PBXSourcesBuildPhase section */

/* Begin PBXVariantGroup section */
		C37BC8802A008E5600ACED99 /* LaunchScreen.storyboard */ = {
			isa = PBXVariantGroup;
			children = (
				C37BC8812A008E5600ACED99 /* Base */,
			);
			name = LaunchScreen.storyboard;
			sourceTree = "<group>";
		};
/* End PBXVariantGroup section */

/* Begin XCBuildConfiguration section */
		C37BC8842A008E5600ACED99 /* Debug */ = {
			isa = XCBuildConfiguration;
			buildSettings = {
				ALWAYS_SEARCH_USER_PATHS = NO;
				CLANG_ANALYZER_NONNULL = YES;
				CLANG_ANALYZER_NUMBER_OBJECT_CONVERSION = YES_AGGRESSIVE;
				CLANG_CXX_LANGUAGE_STANDARD = "gnu++20";
				CLANG_ENABLE_MODULES = YES;
				CLANG_ENABLE_OBJC_ARC = YES;
				CLANG_ENABLE_OBJC_WEAK = YES;
				CLANG_WARN_BLOCK_CAPTURE_AUTORELEASING = YES;
				CLANG_WARN_BOOL_CONVERSION = YES;
				CLANG_WARN_COMMA = YES;
				CLANG_WARN_CONSTANT_CONVERSION = YES;
				CLANG_WARN_DEPRECATED_OBJC_IMPLEMENTATIONS = YES;
				CLANG_WARN_DIRECT_OBJC_ISA_USAGE = YES_ERROR;
				CLANG_WARN_DOCUMENTATION_COMMENTS = YES;
				CLANG_WARN_EMPTY_BODY = YES;
				CLANG_WARN_ENUM_CONVERSION = YES;
				CLANG_WARN_INFINITE_RECURSION = YES;
				CLANG_WARN_INT_CONVERSION = YES;
				CLANG_WARN_NON_LITERAL_NULL_CONVERSION = YES;
				CLANG_WARN_OBJC_IMPLICIT_RETAIN_SELF = YES;
				CLANG_WARN_OBJC_LITERAL_CONVERSION = YES;
				CLANG_WARN_OBJC_ROOT_CLASS = YES_ERROR;
				CLANG_WARN_QUOTED_INCLUDE_IN_FRAMEWORK_HEADER = YES;
				CLANG_WARN_RANGE_LOOP_ANALYSIS = YES;
				CLANG_WARN_STRICT_PROTOTYPES = YES;
				CLANG_WARN_SUSPICIOUS_MOVE = YES;
				CLANG_WARN_UNGUARDED_AVAILABILITY = YES_AGGRESSIVE;
				CLANG_WARN_UNREACHABLE_CODE = YES;
				CLANG_WARN__DUPLICATE_METHOD_MATCH = YES;
				COPY_PHASE_STRIP = NO;
				DEBUG_INFORMATION_FORMAT = dwarf;
				ENABLE_STRICT_OBJC_MSGSEND = YES;
				ENABLE_TESTABILITY = YES;
				GCC_C_LANGUAGE_STANDARD = gnu11;
				GCC_DYNAMIC_NO_PIC = NO;
				GCC_NO_COMMON_BLOCKS = YES;
				GCC_OPTIMIZATION_LEVEL = 0;
				GCC_PREPROCESSOR_DEFINITIONS = (
					"DEBUG=1",
					"$(inherited)",
				);
				GCC_WARN_64_TO_32_BIT_CONVERSION = YES;
				GCC_WARN_ABOUT_RETURN_TYPE = YES_ERROR;
				GCC_WARN_UNDECLARED_SELECTOR = YES;
				GCC_WARN_UNINITIALIZED_AUTOS = YES_AGGRESSIVE;
				GCC_WARN_UNUSED_FUNCTION = YES;
				GCC_WARN_UNUSED_VARIABLE = YES;
				IPHONEOS_DEPLOYMENT_TARGET = 16.2;
				MTL_ENABLE_DEBUG_INFO = INCLUDE_SOURCE;
				MTL_FAST_MATH = YES;
				ONLY_ACTIVE_ARCH = YES;
				SDKROOT = iphoneos;
				SWIFT_ACTIVE_COMPILATION_CONDITIONS = DEBUG;
				SWIFT_OPTIMIZATION_LEVEL = "-Onone";
			};
			name = Debug;
		};
		C37BC8852A008E5600ACED99 /* Release */ = {
			isa = XCBuildConfiguration;
			buildSettings = {
				ALWAYS_SEARCH_USER_PATHS = NO;
				CLANG_ANALYZER_NONNULL = YES;
				CLANG_ANALYZER_NUMBER_OBJECT_CONVERSION = YES_AGGRESSIVE;
				CLANG_CXX_LANGUAGE_STANDARD = "gnu++20";
				CLANG_ENABLE_MODULES = YES;
				CLANG_ENABLE_OBJC_ARC = YES;
				CLANG_ENABLE_OBJC_WEAK = YES;
				CLANG_WARN_BLOCK_CAPTURE_AUTORELEASING = YES;
				CLANG_WARN_BOOL_CONVERSION = YES;
				CLANG_WARN_COMMA = YES;
				CLANG_WARN_CONSTANT_CONVERSION = YES;
				CLANG_WARN_DEPRECATED_OBJC_IMPLEMENTATIONS = YES;
				CLANG_WARN_DIRECT_OBJC_ISA_USAGE = YES_ERROR;
				CLANG_WARN_DOCUMENTATION_COMMENTS = YES;
				CLANG_WARN_EMPTY_BODY = YES;
				CLANG_WARN_ENUM_CONVERSION = YES;
				CLANG_WARN_INFINITE_RECURSION = YES;
				CLANG_WARN_INT_CONVERSION = YES;
				CLANG_WARN_NON_LITERAL_NULL_CONVERSION = YES;
				CLANG_WARN_OBJC_IMPLICIT_RETAIN_SELF = YES;
				CLANG_WARN_OBJC_LITERAL_CONVERSION = YES;
				CLANG_WARN_OBJC_ROOT_CLASS = YES_ERROR;
				CLANG_WARN_QUOTED_INCLUDE_IN_FRAMEWORK_HEADER = YES;
				CLANG_WARN_RANGE_LOOP_ANALYSIS = YES;
				CLANG_WARN_STRICT_PROTOTYPES = YES;
				CLANG_WARN_SUSPICIOUS_MOVE = YES;
				CLANG_WARN_UNGUARDED_AVAILABILITY = YES_AGGRESSIVE;
				CLANG_WARN_UNREACHABLE_CODE = YES;
				CLANG_WARN__DUPLICATE_METHOD_MATCH = YES;
				COPY_PHASE_STRIP = NO;
				DEBUG_INFORMATION_FORMAT = "dwarf-with-dsym";
				ENABLE_NS_ASSERTIONS = NO;
				ENABLE_STRICT_OBJC_MSGSEND = YES;
				GCC_C_LANGUAGE_STANDARD = gnu11;
				GCC_NO_COMMON_BLOCKS = YES;
				GCC_WARN_64_TO_32_BIT_CONVERSION = YES;
				GCC_WARN_ABOUT_RETURN_TYPE = YES_ERROR;
				GCC_WARN_UNDECLARED_SELECTOR = YES;
				GCC_WARN_UNINITIALIZED_AUTOS = YES_AGGRESSIVE;
				GCC_WARN_UNUSED_FUNCTION = YES;
				GCC_WARN_UNUSED_VARIABLE = YES;
				IPHONEOS_DEPLOYMENT_TARGET = 16.2;
				MTL_ENABLE_DEBUG_INFO = NO;
				MTL_FAST_MATH = YES;
				SDKROOT = iphoneos;
				SWIFT_COMPILATION_MODE = wholemodule;
				SWIFT_OPTIMIZATION_LEVEL = "-O";
				VALIDATE_PRODUCT = YES;
			};
			name = Release;
		};
		C37BC8872A008E5600ACED99 /* Debug */ = {
			isa = XCBuildConfiguration;
			buildSettings = {
				ASSETCATALOG_COMPILER_APPICON_NAME = AppIcon;
				ASSETCATALOG_COMPILER_GLOBAL_ACCENT_COLOR_NAME = AccentColor;
				CODE_SIGN_STYLE = Automatic;
				CURRENT_PROJECT_VERSION = 1;
				DEVELOPMENT_TEAM = 9P74L4GXWB;
				GENERATE_INFOPLIST_FILE = YES;
				INFOPLIST_FILE = LanguageLearningApllication/Info.plist;
				INFOPLIST_KEY_UIApplicationSupportsIndirectInputEvents = YES;
				INFOPLIST_KEY_UILaunchStoryboardName = LaunchScreen;
				INFOPLIST_KEY_UISupportedInterfaceOrientations_iPad = "UIInterfaceOrientationPortrait UIInterfaceOrientationPortraitUpsideDown UIInterfaceOrientationLandscapeLeft UIInterfaceOrientationLandscapeRight";
				INFOPLIST_KEY_UISupportedInterfaceOrientations_iPhone = "UIInterfaceOrientationPortrait UIInterfaceOrientationLandscapeLeft UIInterfaceOrientationLandscapeRight";
				LD_RUNPATH_SEARCH_PATHS = (
					"$(inherited)",
					"@executable_path/Frameworks",
				);
				MARKETING_VERSION = 1.0;
				PRODUCT_BUNDLE_IDENTIFIER = com.dukena.LanguageLearningApllication;
				PRODUCT_NAME = "$(TARGET_NAME)";
				SWIFT_EMIT_LOC_STRINGS = YES;
				SWIFT_VERSION = 5.0;
				TARGETED_DEVICE_FAMILY = "1,2";
			};
			name = Debug;
		};
		C37BC8882A008E5600ACED99 /* Release */ = {
			isa = XCBuildConfiguration;
			buildSettings = {
				ASSETCATALOG_COMPILER_APPICON_NAME = AppIcon;
				ASSETCATALOG_COMPILER_GLOBAL_ACCENT_COLOR_NAME = AccentColor;
				CODE_SIGN_STYLE = Automatic;
				CURRENT_PROJECT_VERSION = 1;
				DEVELOPMENT_TEAM = 9P74L4GXWB;
				GENERATE_INFOPLIST_FILE = YES;
				INFOPLIST_FILE = LanguageLearningApllication/Info.plist;
				INFOPLIST_KEY_UIApplicationSupportsIndirectInputEvents = YES;
				INFOPLIST_KEY_UILaunchStoryboardName = LaunchScreen;
				INFOPLIST_KEY_UISupportedInterfaceOrientations_iPad = "UIInterfaceOrientationPortrait UIInterfaceOrientationPortraitUpsideDown UIInterfaceOrientationLandscapeLeft UIInterfaceOrientationLandscapeRight";
				INFOPLIST_KEY_UISupportedInterfaceOrientations_iPhone = "UIInterfaceOrientationPortrait UIInterfaceOrientationLandscapeLeft UIInterfaceOrientationLandscapeRight";
				LD_RUNPATH_SEARCH_PATHS = (
					"$(inherited)",
					"@executable_path/Frameworks",
				);
				MARKETING_VERSION = 1.0;
				PRODUCT_BUNDLE_IDENTIFIER = com.dukena.LanguageLearningApllication;
				PRODUCT_NAME = "$(TARGET_NAME)";
				SWIFT_EMIT_LOC_STRINGS = YES;
				SWIFT_VERSION = 5.0;
				TARGETED_DEVICE_FAMILY = "1,2";
			};
			name = Release;
		};
/* End XCBuildConfiguration section */

/* Begin XCConfigurationList section */
		C37BC86D2A008E5500ACED99 /* Build configuration list for PBXProject "LanguageLearningApllication" */ = {
			isa = XCConfigurationList;
			buildConfigurations = (
				C37BC8842A008E5600ACED99 /* Debug */,
				C37BC8852A008E5600ACED99 /* Release */,
			);
			defaultConfigurationIsVisible = 0;
			defaultConfigurationName = Release;
		};
		C37BC8862A008E5600ACED99 /* Build configuration list for PBXNativeTarget "LanguageLearningApllication" */ = {
			isa = XCConfigurationList;
			buildConfigurations = (
				C37BC8872A008E5600ACED99 /* Debug */,
				C37BC8882A008E5600ACED99 /* Release */,
			);
			defaultConfigurationIsVisible = 0;
			defaultConfigurationName = Release;
		};
/* End XCConfigurationList section */
	};
	rootObject = C37BC86A2A008E5500ACED99 /* Project object */;
}
